{
  "name": "vscode_code",
  "lockfileVersion": 3,
  "requires": true,
  "packages": {
    "": {
      "dependencies": {
        "classnames": "^2.5.1",
        "install": "^0.13.0",
        "loadsh": "^0.0.4",
        "python": "^0.0.4"
      }
    },
    "node_modules/classnames": {
      "version": "2.5.1",
      "resolved": "https://mirrors.cloud.tencent.com/npm/classnames/-/classnames-2.5.1.tgz",
      "integrity": "sha512-saHYOzhIQs6wy2sVxTM6bUDsQO4F50V9RQ22qBpEdCW+I+/Wmke2HOl6lS6dTpdxVhb88/I6+Hs+438c3lfUow=="
    },
    "node_modules/install": {
      "version": "0.13.0",
      "resolved": "https://mirrors.cloud.tencent.com/npm/install/-/install-0.13.0.tgz",
      "integrity": "sha512-zDml/jzr2PKU9I8J/xyZBQn8rPCAY//UOYNmR01XwNwyfhEWObo2SWfSl1+0tm1u6PhxLwDnfsT/6jB7OUxqFA==",
      "engines": {
        "node": ">= 0.10"
      }
    },
    "node_modules/loadsh": {
      "version": "0.0.4",
      "resolved": "https://mirrors.cloud.tencent.com/npm/loadsh/-/loadsh-0.0.4.tgz",
      "integrity": "sha512-U+wLL8InpfRalWrr+0SuhWgGt10M4OyAk6G8xCYo2rwpiHtxZkWiFpjei0vO463ghW8LPCdhqQxXlMy2qicAEw==",
      "deprecated": "This is a typosquat on the popular Lodash package. This is not maintained nor is the original Lodash package."
    },
    "node_modules/python": {
      "version": "0.0.4",
      "resolved": "https://mirrors.cloud.tencent.com/npm/python/-/python-0.0.4.tgz",
      "integrity": "sha1-MJTomO8Xozqpw+lzs4SKOOR9GBg=",
      "engines": {
        "node": ">= 0.4.1"
      }
    }
  }
}
