{
  "name": "vscode_code",
  "lockfileVersion": 3,
  "requires": true,
  "packages": {
    "": {
      "dependencies": {
        "classnames": "^2.5.1",
        "loadsh": "^0.0.4"
      }
    },
    "node_modules/classnames": {
      "version": "2.5.1",
      "resolved": "https://mirrors.cloud.tencent.com/npm/classnames/-/classnames-2.5.1.tgz",
      "integrity": "sha512-saHYOzhIQs6wy2sVxTM6bUDsQO4F50V9RQ22qBpEdCW+I+/Wmke2HOl6lS6dTpdxVhb88/I6+Hs+438c3lfUow=="
    },
    "node_modules/loadsh": {
      "version": "0.0.4",
      "resolved": "https://mirrors.cloud.tencent.com/npm/loadsh/-/loadsh-0.0.4.tgz",
      "integrity": "sha512-U+wLL8InpfRalWrr+0SuhWgGt10M4OyAk6G8xCYo2rwpiHtxZkWiFpjei0vO463ghW8LPCdhqQxXlMy2qicAEw==",
      "deprecated": "This is a typosquat on the popular Lodash package. This is not maintained nor is the original Lodash package."
    }
  }
}
